// !$*UTF8*$!
{
	archiveVersion = 1;
	classes = {
	};
	objectVersion = 56;
	objects = {

/* Begin PBXBuildFile section */
		04C1E84E2B34969C0081C22C /* AppDelegate.swift in Sources */ = {isa = PBXBuildFile; fileRef = 04C1E84D2B34969C0081C22C /* AppDelegate.swift */; };
		04C1E8502B34969C0081C22C /* SceneDelegate.swift in Sources */ = {isa = PBXBuildFile; fileRef = 04C1E84F2B34969C0081C22C /* SceneDelegate.swift */; };
		04C1E8522B34969C0081C22C /* ViewController.swift in Sources */ = {isa = PBXBuildFile; fileRef = 04C1E8512B34969C0081C22C /* ViewController.swift */; };
		04C1E8552B34969C0081C22C /* Main.storyboard in Resources */ = {isa = PBXBuildFile; fileRef = 04C1E8532B34969C0081C22C /* Main.storyboard */; };
		04C1E8572B34969D0081C22C /* Assets.xcassets in Resources */ = {isa = PBXBuildFile; fileRef = 04C1E8562B34969D0081C22C /* Assets.xcassets */; };
		04C1E85A2B34969D0081C22C /* LaunchScreen.storyboard in Resources */ = {isa = PBXBuildFile; fileRef = 04C1E8582B34969D0081C22C /* LaunchScreen.storyboard */; };
		04C1E8622B3496AF0081C22C /* Cats.storyboard in Resources */ = {isa = PBXBuildFile; fileRef = 04C1E8612B3496AE0081C22C /* Cats.storyboard */; };
		04C1E8642B3496D70081C22C /* Homework.swift in Sources */ = {isa = PBXBuildFile; fileRef = 04C1E8632B3496D70081C22C /* Homework.swift */; };
		04C1E8662B34C5630081C22C /* Square.storyboard in Resources */ = {isa = PBXBuildFile; fileRef = 04C1E8652B34C5630081C22C /* Square.storyboard */; };
/* End PBXBuildFile section */

/* Begin PBXFileReference section */
		04C1E84A2B34969C0081C22C /* TMSLesson9.app */ = {isa = PBXFileReference; explicitFileType = wrapper.application; includeInIndex = 0; path = TMSLesson9.app; sourceTree = BUILT_PRODUCTS_DIR; };
		04C1E84D2B34969C0081C22C /* AppDelegate.swift */ = {isa = PBXFileReference; lastKnownFileType = sourcecode.swift; path = AppDelegate.swift; sourceTree = "<group>"; };
		04C1E84F2B34969C0081C22C /* SceneDelegate.swift */ = {isa = PBXFileReference; lastKnownFileType = sourcecode.swift; path = SceneDelegate.swift; sourceTree = "<group>"; };
		04C1E8512B34969C0081C22C /* ViewController.swift */ = {isa = PBXFileReference; lastKnownFileType = sourcecode.swift; path = ViewController.swift; sourceTree = "<group>"; };
		04C1E8542B34969C0081C22C /* Base */ = {isa = PBXFileReference; lastKnownFileType = file.storyboard; name = Base; path = Base.lproj/Main.storyboard; sourceTree = "<group>"; };
		04C1E8562B34969D0081C22C /* Assets.xcassets */ = {isa = PBXFileReference; lastKnownFileType = folder.assetcatalog; path = Assets.xcassets; sourceTree = "<group>"; };
		04C1E8592B34969D0081C22C /* Base */ = {isa = PBXFileReference; lastKnownFileType = file.storyboard; name = Base; path = Base.lproj/LaunchScreen.storyboard; sourceTree = "<group>"; };
		04C1E85B2B34969D0081C22C /* Info.plist */ = {isa = PBXFileReference; lastKnownFileType = text.plist.xml; path = Info.plist; sourceTree = "<group>"; };
		04C1E8612B3496AE0081C22C /* Cats.storyboard */ = {isa = PBXFileReference; fileEncoding = 4; lastKnownFileType = file.storyboard; path = Cats.storyboard; sourceTree = "<group>"; };
		04C1E8632B3496D70081C22C /* Homework.swift */ = {isa = PBXFileReference; fileEncoding = 4; lastKnownFileType = sourcecode.swift; path = Homework.swift; sourceTree = "<group>"; };
		04C1E8652B34C5630081C22C /* Square.storyboard */ = {isa = PBXFileReference; lastKnownFileType = file.storyboard; path = Square.storyboard; sourceTree = "<group>"; };
/* End PBXFileReference section */

/* Begin PBXFrameworksBuildPhase section */
		04C1E8472B34969C0081C22C /* Frameworks */ = {
			isa = PBXFrameworksBuildPhase;
			buildActionMask = 2147483647;
			files = (
			);
			runOnlyForDeploymentPostprocessing = 0;
		};
/* End PBXFrameworksBuildPhase section */

/* Begin PBXGroup section */
		04C1E8412B34969C0081C22C = {
			isa = PBXGroup;
			children = (
				04C1E84C2B34969C0081C22C /* TMSLesson9 */,
				04C1E84B2B34969C0081C22C /* Products */,
			);
			sourceTree = "<group>";
		};
		04C1E84B2B34969C0081C22C /* Products */ = {
			isa = PBXGroup;
			children = (
				04C1E84A2B34969C0081C22C /* TMSLesson9.app */,
			);
			name = Products;
			sourceTree = "<group>";
		};
		04C1E84C2B34969C0081C22C /* TMSLesson9 */ = {
			isa = PBXGroup;
			children = (
				04C1E84D2B34969C0081C22C /* AppDelegate.swift */,
				04C1E84F2B34969C0081C22C /* SceneDelegate.swift */,
				04C1E8512B34969C0081C22C /* ViewController.swift */,
				04C1E8632B3496D70081C22C /* Homework.swift */,
				04C1E8532B34969C0081C22C /* Main.storyboard */,
				04C1E8612B3496AE0081C22C /* Cats.storyboard */,
				04C1E8652B34C5630081C22C /* Square.storyboard */,
				04C1E8562B34969D0081C22C /* Assets.xcassets */,
				04C1E8582B34969D0081C22C /* LaunchScreen.storyboard */,
				04C1E85B2B34969D0081C22C /* Info.plist */,
			);
			path = TMSLesson9;
			sourceTree = "<group>";
		};
/* End PBXGroup section */

/* Begin PBXNativeTarget section */
		04C1E8492B34969C0081C22C /* TMSLesson9 */ = {
			isa = PBXNativeTarget;
			buildConfigurationList = 04C1E85E2B34969D0081C22C /* Build configuration list for PBXNativeTarget "TMSLesson9" */;
			buildPhases = (
				04C1E8462B34969C0081C22C /* Sources */,
				04C1E8472B34969C0081C22C /* Frameworks */,
				04C1E8482B34969C0081C22C /* Resources */,
			);
			buildRules = (
			);
			dependencies = (
			);
			name = TMSLesson9;
			productName = TMSLesson9;
			productReference = 04C1E84A2B34969C0081C22C /* TMSLesson9.app */;
			productType = "com.apple.product-type.application";
		};
/* End PBXNativeTarget section */

/* Begin PBXProject section */
		04C1E8422B34969C0081C22C /* Project object */ = {
			isa = PBXProject;
			attributes = {
				BuildIndependentTargetsInParallel = 1;
				LastSwiftUpdateCheck = 1500;
				LastUpgradeCheck = 1500;
				TargetAttributes = {
					04C1E8492B34969C0081C22C = {
						CreatedOnToolsVersion = 15.0.1;
					};
				};
			};
			buildConfigurationList = 04C1E8452B34969C0081C22C /* Build configuration list for PBXProject "TMSLesson9" */;
			compatibilityVersion = "Xcode 14.0";
			developmentRegion = en;
			hasScannedForEncodings = 0;
			knownRegions = (
				en,
				Base,
			);
			mainGroup = 04C1E8412B34969C0081C22C;
			productRefGroup = 04C1E84B2B34969C0081C22C /* Products */;
			projectDirPath = "";
			projectRoot = "";
			targets = (
				04C1E8492B34969C0081C22C /* TMSLesson9 */,
			);
		};
/* End PBXProject section */

/* Begin PBXResourcesBuildPhase section */
		04C1E8482B34969C0081C22C /* Resources */ = {
			isa = PBXResourcesBuildPhase;
			buildActionMask = 2147483647;
			files = (
				04C1E85A2B34969D0081C22C /* LaunchScreen.storyboard in Resources */,
				04C1E8622B3496AF0081C22C /* Cats.storyboard in Resources */,
				04C1E8572B34969D0081C22C /* Assets.xcassets in Resources */,
				04C1E8552B34969C0081C22C /* Main.storyboard in Resources */,
				04C1E8662B34C5630081C22C /* Square.storyboard in Resources */,
			);
			runOnlyForDeploymentPostprocessing = 0;
		};
/* End PBXResourcesBuildPhase section */

/* Begin PBXSourcesBuildPhase section */
		04C1E8462B34969C0081C22C /* Sources */ = {
			isa = PBXSourcesBuildPhase;
			buildActionMask = 2147483647;
			files = (
				04C1E8522B34969C0081C22C /* ViewController.swift in Sources */,
				04C1E8642B3496D70081C22C /* Homework.swift in Sources */,
				04C1E84E2B34969C0081C22C /* AppDelegate.swift in Sources */,
				04C1E8502B34969C0081C22C /* SceneDelegate.swift in Sources */,
			);
			runOnlyForDeploymentPostprocessing = 0;
		};
/* End PBXSourcesBuildPhase section */

/* Begin PBXVariantGroup section */
		04C1E8532B34969C0081C22C /* Main.storyboard */ = {
			isa = PBXVariantGroup;
			children = (
				04C1E8542B34969C0081C22C /* Base */,
			);
			name = Main.storyboard;
			sourceTree = "<group>";
		};
		04C1E8582B34969D0081C22C /* LaunchScreen.storyboard */ = {
			isa = PBXVariantGroup;
			children = (
				04C1E8592B34969D0081C22C /* Base */,
			);
			name = LaunchScreen.storyboard;
			sourceTree = "<group>";
		};
/* End PBXVariantGroup section */

/* Begin XCBuildConfiguration section */
		04C1E85C2B34969D0081C22C /* Debug */ = {
			isa = XCBuildConfiguration;
			buildSettings = {
				ALWAYS_SEARCH_USER_PATHS = NO;
				ASSETCATALOG_COMPILER_GENERATE_SWIFT_ASSET_SYMBOL_EXTENSIONS = YES;
				CLANG_ANALYZER_NONNULL = YES;
				CLANG_ANALYZER_NUMBER_OBJECT_CONVERSION = YES_AGGRESSIVE;
				CLANG_CXX_LANGUAGE_STANDARD = "gnu++20";
				CLANG_ENABLE_MODULES = YES;
				CLANG_ENABLE_OBJC_ARC = YES;
				CLANG_ENABLE_OBJC_WEAK = YES;
				CLANG_WARN_BLOCK_CAPTURE_AUTORELEASING = YES;
				CLANG_WARN_BOOL_CONVERSION = YES;
				CLANG_WARN_COMMA = YES;
				CLANG_WARN_CONSTANT_CONVERSION = YES;
				CLANG_WARN_DEPRECATED_OBJC_IMPLEMENTATIONS = YES;
				CLANG_WARN_DIRECT_OBJC_ISA_USAGE = YES_ERROR;
				CLANG_WARN_DOCUMENTATION_COMMENTS = YES;
				CLANG_WARN_EMPTY_BODY = YES;
				CLANG_WARN_ENUM_CONVERSION = YES;
				CLANG_WARN_INFINITE_RECURSION = YES;
				CLANG_WARN_INT_CONVERSION = YES;
				CLANG_WARN_NON_LITERAL_NULL_CONVERSION = YES;
				CLANG_WARN_OBJC_IMPLICIT_RETAIN_SELF = YES;
				CLANG_WARN_OBJC_LITERAL_CONVERSION = YES;
				CLANG_WARN_OBJC_ROOT_CLASS = YES_ERROR;
				CLANG_WARN_QUOTED_INCLUDE_IN_FRAMEWORK_HEADER = YES;
				CLANG_WARN_RANGE_LOOP_ANALYSIS = YES;
				CLANG_WARN_STRICT_PROTOTYPES = YES;
				CLANG_WARN_SUSPICIOUS_MOVE = YES;
				CLANG_WARN_UNGUARDED_AVAILABILITY = YES_AGGRESSIVE;
				CLANG_WARN_UNREACHABLE_CODE = YES;
				CLANG_WARN__DUPLICATE_METHOD_MATCH = YES;
				COPY_PHASE_STRIP = NO;
				DEBUG_INFORMATION_FORMAT = dwarf;
				ENABLE_STRICT_OBJC_MSGSEND = YES;
				ENABLE_TESTABILITY = YES;
				ENABLE_USER_SCRIPT_SANDBOXING = YES;
				GCC_C_LANGUAGE_STANDARD = gnu17;
				GCC_DYNAMIC_NO_PIC = NO;
				GCC_NO_COMMON_BLOCKS = YES;
				GCC_OPTIMIZATION_LEVEL = 0;
				GCC_PREPROCESSOR_DEFINITIONS = (
					"DEBUG=1",
					"$(inherited)",
				);
				GCC_WARN_64_TO_32_BIT_CONVERSION = YES;
				GCC_WARN_ABOUT_RETURN_TYPE = YES_ERROR;
				GCC_WARN_UNDECLARED_SELECTOR = YES;
				GCC_WARN_UNINITIALIZED_AUTOS = YES_AGGRESSIVE;
				GCC_WARN_UNUSED_FUNCTION = YES;
				GCC_WARN_UNUSED_VARIABLE = YES;
				IPHONEOS_DEPLOYMENT_TARGET = 17.0;
				LOCALIZATION_PREFERS_STRING_CATALOGS = YES;
				MTL_ENABLE_DEBUG_INFO = INCLUDE_SOURCE;
				MTL_FAST_MATH = YES;
				ONLY_ACTIVE_ARCH = YES;
				SDKROOT = iphoneos;
				SWIFT_ACTIVE_COMPILATION_CONDITIONS = "DEBUG $(inherited)";
				SWIFT_OPTIMIZATION_LEVEL = "-Onone";
			};
			name = Debug;
		};
		04C1E85D2B34969D0081C22C /* Release */ = {
			isa = XCBuildConfiguration;
			buildSettings = {
				ALWAYS_SEARCH_USER_PATHS = NO;
				ASSETCATALOG_COMPILER_GENERATE_SWIFT_ASSET_SYMBOL_EXTENSIONS = YES;
				CLANG_ANALYZER_NONNULL = YES;
				CLANG_ANALYZER_NUMBER_OBJECT_CONVERSION = YES_AGGRESSIVE;
				CLANG_CXX_LANGUAGE_STANDARD = "gnu++20";
				CLANG_ENABLE_MODULES = YES;
				CLANG_ENABLE_OBJC_ARC = YES;
				CLANG_ENABLE_OBJC_WEAK = YES;
				CLANG_WARN_BLOCK_CAPTURE_AUTORELEASING = YES;
				CLANG_WARN_BOOL_CONVERSION = YES;
				CLANG_WARN_COMMA = YES;
				CLANG_WARN_CONSTANT_CONVERSION = YES;
				CLANG_WARN_DEPRECATED_OBJC_IMPLEMENTATIONS = YES;
				CLANG_WARN_DIRECT_OBJC_ISA_USAGE = YES_ERROR;
				CLANG_WARN_DOCUMENTATION_COMMENTS = YES;
				CLANG_WARN_EMPTY_BODY = YES;
				CLANG_WARN_ENUM_CONVERSION = YES;
				CLANG_WARN_INFINITE_RECURSION = YES;
				CLANG_WARN_INT_CONVERSION = YES;
				CLANG_WARN_NON_LITERAL_NULL_CONVERSION = YES;
				CLANG_WARN_OBJC_IMPLICIT_RETAIN_SELF = YES;
				CLANG_WARN_OBJC_LITERAL_CONVERSION = YES;
				CLANG_WARN_OBJC_ROOT_CLASS = YES_ERROR;
				CLANG_WARN_QUOTED_INCLUDE_IN_FRAMEWORK_HEADER = YES;
				CLANG_WARN_RANGE_LOOP_ANALYSIS = YES;
				CLANG_WARN_STRICT_PROTOTYPES = YES;
				CLANG_WARN_SUSPICIOUS_MOVE = YES;
				CLANG_WARN_UNGUARDED_AVAILABILITY = YES_AGGRESSIVE;
				CLANG_WARN_UNREACHABLE_CODE = YES;
				CLANG_WARN__DUPLICATE_METHOD_MATCH = YES;
				COPY_PHASE_STRIP = NO;
				DEBUG_INFORMATION_FORMAT = "dwarf-with-dsym";
				ENABLE_NS_ASSERTIONS = NO;
				ENABLE_STRICT_OBJC_MSGSEND = YES;
				ENABLE_USER_SCRIPT_SANDBOXING = YES;
				GCC_C_LANGUAGE_STANDARD = gnu17;
				GCC_NO_COMMON_BLOCKS = YES;
				GCC_WARN_64_TO_32_BIT_CONVERSION = YES;
				GCC_WARN_ABOUT_RETURN_TYPE = YES_ERROR;
				GCC_WARN_UNDECLARED_SELECTOR = YES;
				GCC_WARN_UNINITIALIZED_AUTOS = YES_AGGRESSIVE;
				GCC_WARN_UNUSED_FUNCTION = YES;
				GCC_WARN_UNUSED_VARIABLE = YES;
				IPHONEOS_DEPLOYMENT_TARGET = 17.0;
				LOCALIZATION_PREFERS_STRING_CATALOGS = YES;
				MTL_ENABLE_DEBUG_INFO = NO;
				MTL_FAST_MATH = YES;
				SDKROOT = iphoneos;
				SWIFT_COMPILATION_MODE = wholemodule;
				VALIDATE_PRODUCT = YES;
			};
			name = Release;
		};
		04C1E85F2B34969D0081C22C /* Debug */ = {
			isa = XCBuildConfiguration;
			buildSettings = {
				ASSETCATALOG_COMPILER_APPICON_NAME = AppIcon;
				ASSETCATALOG_COMPILER_GLOBAL_ACCENT_COLOR_NAME = AccentColor;
				CODE_SIGN_STYLE = Automatic;
				CURRENT_PROJECT_VERSION = 1;
				DEVELOPMENT_TEAM = SW28RGZ4W7;
				GENERATE_INFOPLIST_FILE = YES;
				INFOPLIST_FILE = TMSLesson9/Info.plist;
				INFOPLIST_KEY_UIApplicationSupportsIndirectInputEvents = YES;
				INFOPLIST_KEY_UILaunchStoryboardName = LaunchScreen;
				INFOPLIST_KEY_UIMainStoryboardFile = Main;
				INFOPLIST_KEY_UISupportedInterfaceOrientations_iPad = "UIInterfaceOrientationPortrait UIInterfaceOrientationPortraitUpsideDown UIInterfaceOrientationLandscapeLeft UIInterfaceOrientationLandscapeRight";
				INFOPLIST_KEY_UISupportedInterfaceOrientations_iPhone = "UIInterfaceOrientationPortrait UIInterfaceOrientationLandscapeLeft UIInterfaceOrientationLandscapeRight";
				LD_RUNPATH_SEARCH_PATHS = (
					"$(inherited)",
					"@executable_path/Frameworks",
				);
				MARKETING_VERSION = 1.0;
				PRODUCT_BUNDLE_IDENTIFIER = tmslesson1.com.TMSLesson9;
				PRODUCT_NAME = "$(TARGET_NAME)";
				SWIFT_EMIT_LOC_STRINGS = YES;
				SWIFT_VERSION = 5.0;
				TARGETED_DEVICE_FAMILY = "1,2";
			};
			name = Debug;
		};
		04C1E8602B34969D0081C22C /* Release */ = {
			isa = XCBuildConfiguration;
			buildSettings = {
				ASSETCATALOG_COMPILER_APPICON_NAME = AppIcon;
				ASSETCATALOG_COMPILER_GLOBAL_ACCENT_COLOR_NAME = AccentColor;
				CODE_SIGN_STYLE = Automatic;
				CURRENT_PROJECT_VERSION = 1;
				DEVELOPMENT_TEAM = SW28RGZ4W7;
				GENERATE_INFOPLIST_FILE = YES;
				INFOPLIST_FILE = TMSLesson9/Info.plist;
				INFOPLIST_KEY_UIApplicationSupportsIndirectInputEvents = YES;
				INFOPLIST_KEY_UILaunchStoryboardName = LaunchScreen;
				INFOPLIST_KEY_UIMainStoryboardFile = Main;
				INFOPLIST_KEY_UISupportedInterfaceOrientations_iPad = "UIInterfaceOrientationPortrait UIInterfaceOrientationPortraitUpsideDown UIInterfaceOrientationLandscapeLeft UIInterfaceOrientationLandscapeRight";
				INFOPLIST_KEY_UISupportedInterfaceOrientations_iPhone = "UIInterfaceOrientationPortrait UIInterfaceOrientationLandscapeLeft UIInterfaceOrientationLandscapeRight";
				LD_RUNPATH_SEARCH_PATHS = (
					"$(inherited)",
					"@executable_path/Frameworks",
				);
				MARKETING_VERSION = 1.0;
				PRODUCT_BUNDLE_IDENTIFIER = tmslesson1.com.TMSLesson9;
				PRODUCT_NAME = "$(TARGET_NAME)";
				SWIFT_EMIT_LOC_STRINGS = YES;
				SWIFT_VERSION = 5.0;
				TARGETED_DEVICE_FAMILY = "1,2";
			};
			name = Release;
		};
/* End XCBuildConfiguration section */

/* Begin XCConfigurationList section */
		04C1E8452B34969C0081C22C /* Build configuration list for PBXProject "TMSLesson9" */ = {
			isa = XCConfigurationList;
			buildConfigurations = (
				04C1E85C2B34969D0081C22C /* Debug */,
				04C1E85D2B34969D0081C22C /* Release */,
			);
			defaultConfigurationIsVisible = 0;
			defaultConfigurationName = Release;
		};
		04C1E85E2B34969D0081C22C /* Build configuration list for PBXNativeTarget "TMSLesson9" */ = {
			isa = XCConfigurationList;
			buildConfigurations = (
				04C1E85F2B34969D0081C22C /* Debug */,
				04C1E8602B34969D0081C22C /* Release */,
			);
			defaultConfigurationIsVisible = 0;
			defaultConfigurationName = Release;
		};
/* End XCConfigurationList section */
	};
	rootObject = 04C1E8422B34969C0081C22C /* Project object */;
}
